# This file is automatically @generated by Cargo.
# It is not intended for manual editing.
version = 3

[[package]]
name = "concurrency"
version = "0.1.0"

[[package]]
name = "http_server"
version = "0.1.0"
dependencies = [
 "log",
]

[[package]]
name = "learn-rust"
version = "0.1.0"
dependencies = [
 "concurrency",
]

[[package]]
name = "log"
version = "0.4.22"
source = "registry+https://github.com/rust-lang/crates.io-index"
checksum = "a7a70ba024b9dc04c27ea2f0c0548feb474ec5c54bba33a7f72f873a39d07b24"

[[package]]
name = "ran"
version = "1.1.5"
source = "registry+https://github.com/rust-lang/crates.io-index"
checksum = "c08865e787c578b3fb43871268946c1f982fcc6b779c7b432a111a1115658773"

[[package]]
name = "test_rust"
version = "0.1.0"
dependencies = [
 "concurrency",
 "log",
 "ran",
]
